
Microsoft Visual Studio Solution File, Format Version 12.00
# Visual Studio Version 17
VisualStudioVersion = 17.8.34309.116
MinimumVisualStudioVersion = 10.0.40219.1
Project("{FAE04EC0-301F-11D3-BF4B-00C04F79EFBC}") = "MessageBroker", "MessageBroker\MessageBroker.csproj", "{084EF90A-AB53-4B36-98BC-291AB8264F10}"
EndProject
Global
	GlobalSection(SolutionConfigurationPlatforms) = preSolution
		Debug|Any CPU = Debug|Any CPU
		Release|Any CPU = Release|Any CPU
	EndGlobalSection
	GlobalSection(ProjectConfigurationPlatforms) = postSolution
		{084EF90A-AB53-4B36-98BC-291AB8264F10}.Debug|Any CPU.ActiveCfg = Debug|Any CPU
		{084EF90A-AB53-4B36-98BC-291AB8264F10}.Debug|Any CPU.Build.0 = Debug|Any CPU
		{084EF90A-AB53-4B36-98BC-291AB8264F10}.Release|Any CPU.ActiveCfg = Release|Any CPU
		{084EF90A-AB53-4B36-98BC-291AB8264F10}.Release|Any CPU.Build.0 = Release|Any CPU
	EndGlobalSection
	GlobalSection(SolutionProperties) = preSolution
		HideSolutionNode = FALSE
	EndGlobalSection
	GlobalSection(ExtensibilityGlobals) = postSolution
		SolutionGuid = {C3C9D3B7-B528-4432-B31A-3442B3D195DB}
	EndGlobalSection
EndGlobal
